
Microsoft Visual Studio Solution File, Format Version 12.00
# Visual Studio Version 17
VisualStudioVersion = 17.4.33213.308
MinimumVisualStudioVersion = 10.0.40219.1
Project("{FAE04EC0-301F-11D3-BF4B-00C04F79EFBC}") = "Szigetek", "Szigetek.csproj", "{9B4571CE-FDA7-49D6-9296-A4C48F50BF62}"
EndProject
Global
	GlobalSection(SolutionConfigurationPlatforms) = preSolution
		Debug|Any CPU = Debug|Any CPU
		Release|Any CPU = Release|Any CPU
	EndGlobalSection
	GlobalSection(ProjectConfigurationPlatforms) = postSolution
		{9B4571CE-FDA7-49D6-9296-A4C48F50BF62}.Debug|Any CPU.ActiveCfg = Debug|Any CPU
		{9B4571CE-FDA7-49D6-9296-A4C48F50BF62}.Debug|Any CPU.Build.0 = Debug|Any CPU
		{9B4571CE-FDA7-49D6-9296-A4C48F50BF62}.Release|Any CPU.ActiveCfg = Release|Any CPU
		{9B4571CE-FDA7-49D6-9296-A4C48F50BF62}.Release|Any CPU.Build.0 = Release|Any CPU
	EndGlobalSection
	GlobalSection(SolutionProperties) = preSolution
		HideSolutionNode = FALSE
	EndGlobalSection
	GlobalSection(ExtensibilityGlobals) = postSolution
		SolutionGuid = {3E68EF7A-5763-4AD2-A9FD-D3EDFB153A6C}
	EndGlobalSection
EndGlobal
