
Microsoft Visual Studio Solution File, Format Version 12.00
# Visual Studio Version 17
VisualStudioVersion = 17.4.33213.308
MinimumVisualStudioVersion = 10.0.40219.1
Project("{FAE04EC0-301F-11D3-BF4B-00C04F79EFBC}") = "Haromszoghasab", "Haromszoghasab.csproj", "{E1A3D8CC-C812-4E8A-9B4F-4474EF0D2EC1}"
EndProject
Global
	GlobalSection(SolutionConfigurationPlatforms) = preSolution
		Debug|Any CPU = Debug|Any CPU
		Release|Any CPU = Release|Any CPU
	EndGlobalSection
	GlobalSection(ProjectConfigurationPlatforms) = postSolution
		{E1A3D8CC-C812-4E8A-9B4F-4474EF0D2EC1}.Debug|Any CPU.ActiveCfg = Debug|Any CPU
		{E1A3D8CC-C812-4E8A-9B4F-4474EF0D2EC1}.Debug|Any CPU.Build.0 = Debug|Any CPU
		{E1A3D8CC-C812-4E8A-9B4F-4474EF0D2EC1}.Release|Any CPU.ActiveCfg = Release|Any CPU
		{E1A3D8CC-C812-4E8A-9B4F-4474EF0D2EC1}.Release|Any CPU.Build.0 = Release|Any CPU
	EndGlobalSection
	GlobalSection(SolutionProperties) = preSolution
		HideSolutionNode = FALSE
	EndGlobalSection
	GlobalSection(ExtensibilityGlobals) = postSolution
		SolutionGuid = {CD71E501-C10C-4557-BAF9-948884578689}
	EndGlobalSection
EndGlobal
