
Microsoft Visual Studio Solution File, Format Version 12.00
# Visual Studio Version 17
VisualStudioVersion = 17.3.32825.248
MinimumVisualStudioVersion = 10.0.40219.1
Project("{FAE04EC0-301F-11D3-BF4B-00C04F79EFBC}") = "20230522", "20230522.csproj", "{7FD01017-CC2E-4D41-9255-3A1CECEB3779}"
EndProject
Global
	GlobalSection(SolutionConfigurationPlatforms) = preSolution
		Debug|Any CPU = Debug|Any CPU
		Release|Any CPU = Release|Any CPU
	EndGlobalSection
	GlobalSection(ProjectConfigurationPlatforms) = postSolution
		{7FD01017-CC2E-4D41-9255-3A1CECEB3779}.Debug|Any CPU.ActiveCfg = Debug|Any CPU
		{7FD01017-CC2E-4D41-9255-3A1CECEB3779}.Debug|Any CPU.Build.0 = Debug|Any CPU
		{7FD01017-CC2E-4D41-9255-3A1CECEB3779}.Release|Any CPU.ActiveCfg = Release|Any CPU
		{7FD01017-CC2E-4D41-9255-3A1CECEB3779}.Release|Any CPU.Build.0 = Release|Any CPU
	EndGlobalSection
	GlobalSection(SolutionProperties) = preSolution
		HideSolutionNode = FALSE
	EndGlobalSection
	GlobalSection(ExtensibilityGlobals) = postSolution
		SolutionGuid = {1A299B05-ECA4-468A-87EC-BEA2EE2F7F92}
	EndGlobalSection
EndGlobal
