
Microsoft Visual Studio Solution File, Format Version 12.00
# Visual Studio Version 17
VisualStudioVersion = 17.4.33213.308
MinimumVisualStudioVersion = 10.0.40219.1
Project("{FAE04EC0-301F-11D3-BF4B-00C04F79EFBC}") = "Feladat 1.2", "Feladat 1.2.csproj", "{1E8255FD-E4C8-4275-99C3-96D1546AB62C}"
EndProject
Global
	GlobalSection(SolutionConfigurationPlatforms) = preSolution
		Debug|Any CPU = Debug|Any CPU
		Release|Any CPU = Release|Any CPU
	EndGlobalSection
	GlobalSection(ProjectConfigurationPlatforms) = postSolution
		{1E8255FD-E4C8-4275-99C3-96D1546AB62C}.Debug|Any CPU.ActiveCfg = Debug|Any CPU
		{1E8255FD-E4C8-4275-99C3-96D1546AB62C}.Debug|Any CPU.Build.0 = Debug|Any CPU
		{1E8255FD-E4C8-4275-99C3-96D1546AB62C}.Release|Any CPU.ActiveCfg = Release|Any CPU
		{1E8255FD-E4C8-4275-99C3-96D1546AB62C}.Release|Any CPU.Build.0 = Release|Any CPU
	EndGlobalSection
	GlobalSection(SolutionProperties) = preSolution
		HideSolutionNode = FALSE
	EndGlobalSection
	GlobalSection(ExtensibilityGlobals) = postSolution
		SolutionGuid = {8337FD10-16B7-4C4D-A799-A23C22F9C813}
	EndGlobalSection
EndGlobal
