
Microsoft Visual Studio Solution File, Format Version 12.00
# Visual Studio Version 17
VisualStudioVersion = 17.4.33213.308
MinimumVisualStudioVersion = 10.0.40219.1
Project("{FAE04EC0-301F-11D3-BF4B-00C04F79EFBC}") = "Átlaghőmérséklet", "Átlaghőmérséklet.csproj", "{B12046BD-9E35-4A56-BB0B-68E19F21B199}"
EndProject
Global
	GlobalSection(SolutionConfigurationPlatforms) = preSolution
		Debug|Any CPU = Debug|Any CPU
		Release|Any CPU = Release|Any CPU
	EndGlobalSection
	GlobalSection(ProjectConfigurationPlatforms) = postSolution
		{B12046BD-9E35-4A56-BB0B-68E19F21B199}.Debug|Any CPU.ActiveCfg = Debug|Any CPU
		{B12046BD-9E35-4A56-BB0B-68E19F21B199}.Debug|Any CPU.Build.0 = Debug|Any CPU
		{B12046BD-9E35-4A56-BB0B-68E19F21B199}.Release|Any CPU.ActiveCfg = Release|Any CPU
		{B12046BD-9E35-4A56-BB0B-68E19F21B199}.Release|Any CPU.Build.0 = Release|Any CPU
	EndGlobalSection
	GlobalSection(SolutionProperties) = preSolution
		HideSolutionNode = FALSE
	EndGlobalSection
	GlobalSection(ExtensibilityGlobals) = postSolution
		SolutionGuid = {DC80D366-AE40-4572-A2F4-E8CB8AF301F0}
	EndGlobalSection
EndGlobal
