
Microsoft Visual Studio Solution File, Format Version 12.00
# Visual Studio Version 17
VisualStudioVersion = 17.4.33213.308
MinimumVisualStudioVersion = 10.0.40219.1
Project("{FAE04EC0-301F-11D3-BF4B-00C04F79EFBC}") = "10.Feladat", "10.Feladat.csproj", "{A483B2CF-56D9-450A-8931-FB91A3E0EEE3}"
EndProject
Project("{FAE04EC0-301F-11D3-BF4B-00C04F79EFBC}") = "11. Feladat", "..\11. Feladat\11. Feladat.csproj", "{28E4ED1E-AFF0-43B0-9F5F-30A32F791B2E}"
EndProject
Project("{FAE04EC0-301F-11D3-BF4B-00C04F79EFBC}") = "12.Feladat", "..\12.Feladat\12.Feladat.csproj", "{1B59BA41-0009-4A25-9A77-12EB29A1F28D}"
EndProject
Project("{FAE04EC0-301F-11D3-BF4B-00C04F79EFBC}") = "13. Feladat", "..\13. Feladat\13. Feladat.csproj", "{11210949-A81F-4213-A365-5FDEACE3B512}"
EndProject
Project("{FAE04EC0-301F-11D3-BF4B-00C04F79EFBC}") = "14. Feladat", "..\14. Feladat\14. Feladat.csproj", "{6628541C-BE16-4381-915F-381766EEA987}"
EndProject
Global
	GlobalSection(SolutionConfigurationPlatforms) = preSolution
		Debug|Any CPU = Debug|Any CPU
		Release|Any CPU = Release|Any CPU
	EndGlobalSection
	GlobalSection(ProjectConfigurationPlatforms) = postSolution
		{A483B2CF-56D9-450A-8931-FB91A3E0EEE3}.Debug|Any CPU.ActiveCfg = Debug|Any CPU
		{A483B2CF-56D9-450A-8931-FB91A3E0EEE3}.Debug|Any CPU.Build.0 = Debug|Any CPU
		{A483B2CF-56D9-450A-8931-FB91A3E0EEE3}.Release|Any CPU.ActiveCfg = Release|Any CPU
		{A483B2CF-56D9-450A-8931-FB91A3E0EEE3}.Release|Any CPU.Build.0 = Release|Any CPU
		{28E4ED1E-AFF0-43B0-9F5F-30A32F791B2E}.Debug|Any CPU.ActiveCfg = Debug|Any CPU
		{28E4ED1E-AFF0-43B0-9F5F-30A32F791B2E}.Debug|Any CPU.Build.0 = Debug|Any CPU
		{28E4ED1E-AFF0-43B0-9F5F-30A32F791B2E}.Release|Any CPU.ActiveCfg = Release|Any CPU
		{28E4ED1E-AFF0-43B0-9F5F-30A32F791B2E}.Release|Any CPU.Build.0 = Release|Any CPU
		{1B59BA41-0009-4A25-9A77-12EB29A1F28D}.Debug|Any CPU.ActiveCfg = Debug|Any CPU
		{1B59BA41-0009-4A25-9A77-12EB29A1F28D}.Debug|Any CPU.Build.0 = Debug|Any CPU
		{1B59BA41-0009-4A25-9A77-12EB29A1F28D}.Release|Any CPU.ActiveCfg = Release|Any CPU
		{1B59BA41-0009-4A25-9A77-12EB29A1F28D}.Release|Any CPU.Build.0 = Release|Any CPU
		{11210949-A81F-4213-A365-5FDEACE3B512}.Debug|Any CPU.ActiveCfg = Debug|Any CPU
		{11210949-A81F-4213-A365-5FDEACE3B512}.Debug|Any CPU.Build.0 = Debug|Any CPU
		{11210949-A81F-4213-A365-5FDEACE3B512}.Release|Any CPU.ActiveCfg = Release|Any CPU
		{11210949-A81F-4213-A365-5FDEACE3B512}.Release|Any CPU.Build.0 = Release|Any CPU
		{6628541C-BE16-4381-915F-381766EEA987}.Debug|Any CPU.ActiveCfg = Debug|Any CPU
		{6628541C-BE16-4381-915F-381766EEA987}.Debug|Any CPU.Build.0 = Debug|Any CPU
		{6628541C-BE16-4381-915F-381766EEA987}.Release|Any CPU.ActiveCfg = Release|Any CPU
		{6628541C-BE16-4381-915F-381766EEA987}.Release|Any CPU.Build.0 = Release|Any CPU
	EndGlobalSection
	GlobalSection(SolutionProperties) = preSolution
		HideSolutionNode = FALSE
	EndGlobalSection
	GlobalSection(ExtensibilityGlobals) = postSolution
		SolutionGuid = {05841AF8-ADAC-4BAA-BB93-4D6FAC944DE7}
	EndGlobalSection
EndGlobal
