
Microsoft Visual Studio Solution File, Format Version 12.00
# Visual Studio Version 17
VisualStudioVersion = 17.4.33213.308
MinimumVisualStudioVersion = 10.0.40219.1
Project("{FAE04EC0-301F-11D3-BF4B-00C04F79EFBC}") = "Feladat1.1", "Feladat1.1.csproj", "{CD8C512D-CF91-4290-8C34-49024E54A2DC}"
EndProject
Project("{FAE04EC0-301F-11D3-BF4B-00C04F79EFBC}") = "Feladat 1.2", "..\Feladat 1.2\Feladat 1.2.csproj", "{8AAD2312-417D-43F6-A62B-E86C463AEDC2}"
EndProject
Global
	GlobalSection(SolutionConfigurationPlatforms) = preSolution
		Debug|Any CPU = Debug|Any CPU
		Release|Any CPU = Release|Any CPU
	EndGlobalSection
	GlobalSection(ProjectConfigurationPlatforms) = postSolution
		{CD8C512D-CF91-4290-8C34-49024E54A2DC}.Debug|Any CPU.ActiveCfg = Debug|Any CPU
		{CD8C512D-CF91-4290-8C34-49024E54A2DC}.Debug|Any CPU.Build.0 = Debug|Any CPU
		{CD8C512D-CF91-4290-8C34-49024E54A2DC}.Release|Any CPU.ActiveCfg = Release|Any CPU
		{CD8C512D-CF91-4290-8C34-49024E54A2DC}.Release|Any CPU.Build.0 = Release|Any CPU
		{8AAD2312-417D-43F6-A62B-E86C463AEDC2}.Debug|Any CPU.ActiveCfg = Debug|Any CPU
		{8AAD2312-417D-43F6-A62B-E86C463AEDC2}.Debug|Any CPU.Build.0 = Debug|Any CPU
		{8AAD2312-417D-43F6-A62B-E86C463AEDC2}.Release|Any CPU.ActiveCfg = Release|Any CPU
		{8AAD2312-417D-43F6-A62B-E86C463AEDC2}.Release|Any CPU.Build.0 = Release|Any CPU
	EndGlobalSection
	GlobalSection(SolutionProperties) = preSolution
		HideSolutionNode = FALSE
	EndGlobalSection
	GlobalSection(ExtensibilityGlobals) = postSolution
		SolutionGuid = {7ACE3DF8-9905-4C0B-8C89-4F3666940384}
	EndGlobalSection
EndGlobal
